
Microsoft Visual Studio Solution File, Format Version 12.00
# Visual Studio 15
VisualStudioVersion = 15.0.27130.2010
MinimumVisualStudioVersion = 10.0.40219.1
Project("{FAE04EC0-301F-11D3-BF4B-00C04F79EFBC}") = "Lab1_1 - Prime numbers", "Lab1_1 - Prime numbers\Lab1_1 - Prime numbers.csproj", "{224391B8-39F3-41E2-BBBA-8ACF727AE28C}"
EndProject
Global
	GlobalSection(SolutionConfigurationPlatforms) = preSolution
		Debug|Any CPU = Debug|Any CPU
		Release|Any CPU = Release|Any CPU
	EndGlobalSection
	GlobalSection(ProjectConfigurationPlatforms) = postSolution
		{224391B8-39F3-41E2-BBBA-8ACF727AE28C}.Debug|Any CPU.ActiveCfg = Debug|Any CPU
		{224391B8-39F3-41E2-BBBA-8ACF727AE28C}.Debug|Any CPU.Build.0 = Debug|Any CPU
		{224391B8-39F3-41E2-BBBA-8ACF727AE28C}.Release|Any CPU.ActiveCfg = Release|Any CPU
		{224391B8-39F3-41E2-BBBA-8ACF727AE28C}.Release|Any CPU.Build.0 = Release|Any CPU
	EndGlobalSection
	GlobalSection(SolutionProperties) = preSolution
		HideSolutionNode = FALSE
	EndGlobalSection
	GlobalSection(ExtensibilityGlobals) = postSolution
		SolutionGuid = {851CA1B5-05D1-4C6D-98AF-2FB889EEB06B}
	EndGlobalSection
EndGlobal
